
Microsoft Visual Studio Solution File, Format Version 12.00
# Visual Studio 15
VisualStudioVersion = 15.0.28307.168
MinimumVisualStudioVersion = 10.0.40219.1
Project("{D954291E-2A0B-460D-934E-DC6B0785DB48}") = "myPace.Shared", "myPace\myPace.Shared\myPace.Shared.shproj", "{6279C845-92F8-4333-AB99-3D213163593C}"
EndProject
Project("{FAE04EC0-301F-11D3-BF4B-00C04F79EFBC}") = "myPace.Droid", "myPace\myPace.Droid\myPace.Droid.csproj", "{A54E1DB0-1EBE-47D3-81D2-D64981066796}"
EndProject
Project("{FAE04EC0-301F-11D3-BF4B-00C04F79EFBC}") = "myPace.iOS", "myPace\myPace.iOS\myPace.iOS.csproj", "{14F9DDD4-EF47-48F5-86FF-22BFFAE8CC69}"
EndProject
Project("{FAE04EC0-301F-11D3-BF4B-00C04F79EFBC}") = "myPace.UWP", "myPace\myPace.UWP\myPace.UWP.csproj", "{1E236257-7CB0-4E28-90FC-792C4A5AB7F7}"
EndProject
Project("{9A19103F-16F7-4668-BE54-9A1E7A4F7556}") = "myPace.Wasm", "myPace\myPace.Wasm\myPace.Wasm.csproj", "{D6A6637A-0393-42BF-ABED-21C41E6EBE27}"
EndProject
Project("{9A19103F-16F7-4668-BE54-9A1E7A4F7556}") = "myPace.Core", "..\..\myPace\myPace.Core\myPace.Core.csproj", "{4B7C65D7-2F7A-4E2B-BC0D-4913AB22A347}"
EndProject
Project("{9A19103F-16F7-4668-BE54-9A1E7A4F7556}") = "mPace.WebApi", "..\..\myPace\mPace.WebApi\mPace.WebApi.csproj", "{713EE933-C26D-4FF7-9920-6543CAF17B6D}"
EndProject
Global
	GlobalSection(SharedMSBuildProjectFiles) = preSolution
		myPace\myPace.Shared\myPace.Shared.projitems*{14f9ddd4-ef47-48f5-86ff-22bffae8cc69}*SharedItemsImports = 4
		myPace\myPace.Shared\myPace.Shared.projitems*{1e236257-7cb0-4e28-90fc-792c4a5ab7f7}*SharedItemsImports = 4
		myPace\myPace.Shared\myPace.Shared.projitems*{6279c845-92f8-4333-ab99-3d213163593c}*SharedItemsImports = 13
		myPace\myPace.Shared\myPace.Shared.projitems*{a54e1db0-1ebe-47d3-81d2-d64981066796}*SharedItemsImports = 4
	EndGlobalSection
	GlobalSection(SolutionConfigurationPlatforms) = preSolution
		Ad-Hoc|Any CPU = Ad-Hoc|Any CPU
		Ad-Hoc|ARM = Ad-Hoc|ARM
		Ad-Hoc|iPhone = Ad-Hoc|iPhone
		Ad-Hoc|iPhoneSimulator = Ad-Hoc|iPhoneSimulator
		Ad-Hoc|x64 = Ad-Hoc|x64
		Ad-Hoc|x86 = Ad-Hoc|x86
		AppStore|Any CPU = AppStore|Any CPU
		AppStore|ARM = AppStore|ARM
		AppStore|iPhone = AppStore|iPhone
		AppStore|iPhoneSimulator = AppStore|iPhoneSimulator
		AppStore|x64 = AppStore|x64
		AppStore|x86 = AppStore|x86
		Debug|Any CPU = Debug|Any CPU
		Debug|ARM = Debug|ARM
		Debug|iPhone = Debug|iPhone
		Debug|iPhoneSimulator = Debug|iPhoneSimulator
		Debug|x64 = Debug|x64
		Debug|x86 = Debug|x86
		Release|Any CPU = Release|Any CPU
		Release|ARM = Release|ARM
		Release|iPhone = Release|iPhone
		Release|iPhoneSimulator = Release|iPhoneSimulator
		Release|x64 = Release|x64
		Release|x86 = Release|x86
	EndGlobalSection
	GlobalSection(ProjectConfigurationPlatforms) = postSolution
		{A54E1DB0-1EBE-47D3-81D2-D64981066796}.Ad-Hoc|Any CPU.ActiveCfg = Release|Any CPU
		{A54E1DB0-1EBE-47D3-81D2-D64981066796}.Ad-Hoc|Any CPU.Build.0 = Release|Any CPU
		{A54E1DB0-1EBE-47D3-81D2-D64981066796}.Ad-Hoc|Any CPU.Deploy.0 = Release|Any CPU
		{A54E1DB0-1EBE-47D3-81D2-D64981066796}.Ad-Hoc|ARM.ActiveCfg = Release|Any CPU
		{A54E1DB0-1EBE-47D3-81D2-D64981066796}.Ad-Hoc|ARM.Build.0 = Release|Any CPU
		{A54E1DB0-1EBE-47D3-81D2-D64981066796}.Ad-Hoc|ARM.Deploy.0 = Release|Any CPU
		{A54E1DB0-1EBE-47D3-81D2-D64981066796}.Ad-Hoc|iPhone.ActiveCfg = Release|Any CPU
		{A54E1DB0-1EBE-47D3-81D2-D64981066796}.Ad-Hoc|iPhone.Build.0 = Release|Any CPU
		{A54E1DB0-1EBE-47D3-81D2-D64981066796}.Ad-Hoc|iPhone.Deploy.0 = Release|Any CPU
		{A54E1DB0-1EBE-47D3-81D2-D64981066796}.Ad-Hoc|iPhoneSimulator.ActiveCfg = Release|Any CPU
		{A54E1DB0-1EBE-47D3-81D2-D64981066796}.Ad-Hoc|iPhoneSimulator.Build.0 = Release|Any CPU
		{A54E1DB0-1EBE-47D3-81D2-D64981066796}.Ad-Hoc|iPhoneSimulator.Deploy.0 = Release|Any CPU
		{A54E1DB0-1EBE-47D3-81D2-D64981066796}.Ad-Hoc|x64.ActiveCfg = Release|Any CPU
		{A54E1DB0-1EBE-47D3-81D2-D64981066796}.Ad-Hoc|x64.Build.0 = Release|Any CPU
		{A54E1DB0-1EBE-47D3-81D2-D64981066796}.Ad-Hoc|x64.Deploy.0 = Release|Any CPU
		{A54E1DB0-1EBE-47D3-81D2-D64981066796}.Ad-Hoc|x86.ActiveCfg = Release|Any CPU
		{A54E1DB0-1EBE-47D3-81D2-D64981066796}.Ad-Hoc|x86.Build.0 = Release|Any CPU
		{A54E1DB0-1EBE-47D3-81D2-D64981066796}.Ad-Hoc|x86.Deploy.0 = Release|Any CPU
		{A54E1DB0-1EBE-47D3-81D2-D64981066796}.AppStore|Any CPU.ActiveCfg = Release|Any CPU
		{A54E1DB0-1EBE-47D3-81D2-D64981066796}.AppStore|Any CPU.Build.0 = Release|Any CPU
		{A54E1DB0-1EBE-47D3-81D2-D64981066796}.AppStore|Any CPU.Deploy.0 = Release|Any CPU
		{A54E1DB0-1EBE-47D3-81D2-D64981066796}.AppStore|ARM.ActiveCfg = Release|Any CPU
		{A54E1DB0-1EBE-47D3-81D2-D64981066796}.AppStore|ARM.Build.0 = Release|Any CPU
		{A54E1DB0-1EBE-47D3-81D2-D64981066796}.AppStore|ARM.Deploy.0 = Release|Any CPU
		{A54E1DB0-1EBE-47D3-81D2-D64981066796}.AppStore|iPhone.ActiveCfg = Release|Any CPU
		{A54E1DB0-1EBE-47D3-81D2-D64981066796}.AppStore|iPhone.Build.0 = Release|Any CPU
		{A54E1DB0-1EBE-47D3-81D2-D64981066796}.AppStore|iPhone.Deploy.0 = Release|Any CPU
		{A54E1DB0-1EBE-47D3-81D2-D64981066796}.AppStore|iPhoneSimulator.ActiveCfg = Release|Any CPU
		{A54E1DB0-1EBE-47D3-81D2-D64981066796}.AppStore|iPhoneSimulator.Build.0 = Release|Any CPU
		{A54E1DB0-1EBE-47D3-81D2-D64981066796}.AppStore|iPhoneSimulator.Deploy.0 = Release|Any CPU
		{A54E1DB0-1EBE-47D3-81D2-D64981066796}.AppStore|x64.ActiveCfg = Release|Any CPU
		{A54E1DB0-1EBE-47D3-81D2-D64981066796}.AppStore|x64.Build.0 = Release|Any CPU
		{A54E1DB0-1EBE-47D3-81D2-D64981066796}.AppStore|x64.Deploy.0 = Release|Any CPU
		{A54E1DB0-1EBE-47D3-81D2-D64981066796}.AppStore|x86.ActiveCfg = Release|Any CPU
		{A54E1DB0-1EBE-47D3-81D2-D64981066796}.AppStore|x86.Build.0 = Release|Any CPU
		{A54E1DB0-1EBE-47D3-81D2-D64981066796}.AppStore|x86.Deploy.0 = Release|Any CPU
		{A54E1DB0-1EBE-47D3-81D2-D64981066796}.Debug|Any CPU.ActiveCfg = Debug|Any CPU
		{A54E1DB0-1EBE-47D3-81D2-D64981066796}.Debug|Any CPU.Build.0 = Debug|Any CPU
		{A54E1DB0-1EBE-47D3-81D2-D64981066796}.Debug|Any CPU.Deploy.0 = Debug|Any CPU
		{A54E1DB0-1EBE-47D3-81D2-D64981066796}.Debug|ARM.ActiveCfg = Debug|Any CPU
		{A54E1DB0-1EBE-47D3-81D2-D64981066796}.Debug|ARM.Build.0 = Debug|Any CPU
		{A54E1DB0-1EBE-47D3-81D2-D64981066796}.Debug|ARM.Deploy.0 = Debug|Any CPU
		{A54E1DB0-1EBE-47D3-81D2-D64981066796}.Debug|iPhone.ActiveCfg = Debug|Any CPU
		{A54E1DB0-1EBE-47D3-81D2-D64981066796}.Debug|iPhone.Build.0 = Debug|Any CPU
		{A54E1DB0-1EBE-47D3-81D2-D64981066796}.Debug|iPhone.Deploy.0 = Debug|Any CPU
		{A54E1DB0-1EBE-47D3-81D2-D64981066796}.Debug|iPhoneSimulator.ActiveCfg = Debug|Any CPU
		{A54E1DB0-1EBE-47D3-81D2-D64981066796}.Debug|iPhoneSimulator.Build.0 = Debug|Any CPU
		{A54E1DB0-1EBE-47D3-81D2-D64981066796}.Debug|iPhoneSimulator.Deploy.0 = Debug|Any CPU
		{A54E1DB0-1EBE-47D3-81D2-D64981066796}.Debug|x64.ActiveCfg = Debug|Any CPU
		{A54E1DB0-1EBE-47D3-81D2-D64981066796}.Debug|x64.Build.0 = Debug|Any CPU
		{A54E1DB0-1EBE-47D3-81D2-D64981066796}.Debug|x64.Deploy.0 = Debug|Any CPU
		{A54E1DB0-1EBE-47D3-81D2-D64981066796}.Debug|x86.ActiveCfg = Debug|Any CPU
		{A54E1DB0-1EBE-47D3-81D2-D64981066796}.Debug|x86.Build.0 = Debug|Any CPU
		{A54E1DB0-1EBE-47D3-81D2-D64981066796}.Debug|x86.Deploy.0 = Debug|Any CPU
		{A54E1DB0-1EBE-47D3-81D2-D64981066796}.Release|Any CPU.ActiveCfg = Release|Any CPU
		{A54E1DB0-1EBE-47D3-81D2-D64981066796}.Release|Any CPU.Build.0 = Release|Any CPU
		{A54E1DB0-1EBE-47D3-81D2-D64981066796}.Release|Any CPU.Deploy.0 = Release|Any CPU
		{A54E1DB0-1EBE-47D3-81D2-D64981066796}.Release|ARM.ActiveCfg = Release|Any CPU
		{A54E1DB0-1EBE-47D3-81D2-D64981066796}.Release|ARM.Build.0 = Release|Any CPU
		{A54E1DB0-1EBE-47D3-81D2-D64981066796}.Release|ARM.Deploy.0 = Release|Any CPU
		{A54E1DB0-1EBE-47D3-81D2-D64981066796}.Release|iPhone.ActiveCfg = Release|Any CPU
		{A54E1DB0-1EBE-47D3-81D2-D64981066796}.Release|iPhone.Build.0 = Release|Any CPU
		{A54E1DB0-1EBE-47D3-81D2-D64981066796}.Release|iPhone.Deploy.0 = Release|Any CPU
		{A54E1DB0-1EBE-47D3-81D2-D64981066796}.Release|iPhoneSimulator.ActiveCfg = Release|Any CPU
		{A54E1DB0-1EBE-47D3-81D2-D64981066796}.Release|iPhoneSimulator.Build.0 = Release|Any CPU
		{A54E1DB0-1EBE-47D3-81D2-D64981066796}.Release|iPhoneSimulator.Deploy.0 = Release|Any CPU
		{A54E1DB0-1EBE-47D3-81D2-D64981066796}.Release|x64.ActiveCfg = Release|Any CPU
		{A54E1DB0-1EBE-47D3-81D2-D64981066796}.Release|x64.Build.0 = Release|Any CPU
		{A54E1DB0-1EBE-47D3-81D2-D64981066796}.Release|x64.Deploy.0 = Release|Any CPU
		{A54E1DB0-1EBE-47D3-81D2-D64981066796}.Release|x86.ActiveCfg = Release|Any CPU
		{A54E1DB0-1EBE-47D3-81D2-D64981066796}.Release|x86.Build.0 = Release|Any CPU
		{A54E1DB0-1EBE-47D3-81D2-D64981066796}.Release|x86.Deploy.0 = Release|Any CPU
		{14F9DDD4-EF47-48F5-86FF-22BFFAE8CC69}.Ad-Hoc|Any CPU.ActiveCfg = Ad-Hoc|iPhone
		{14F9DDD4-EF47-48F5-86FF-22BFFAE8CC69}.Ad-Hoc|ARM.ActiveCfg = Ad-Hoc|iPhone
		{14F9DDD4-EF47-48F5-86FF-22BFFAE8CC69}.Ad-Hoc|iPhone.ActiveCfg = Ad-Hoc|iPhone
		{14F9DDD4-EF47-48F5-86FF-22BFFAE8CC69}.Ad-Hoc|iPhone.Build.0 = Ad-Hoc|iPhone
		{14F9DDD4-EF47-48F5-86FF-22BFFAE8CC69}.Ad-Hoc|iPhoneSimulator.ActiveCfg = Ad-Hoc|iPhoneSimulator
		{14F9DDD4-EF47-48F5-86FF-22BFFAE8CC69}.Ad-Hoc|iPhoneSimulator.Build.0 = Ad-Hoc|iPhoneSimulator
		{14F9DDD4-EF47-48F5-86FF-22BFFAE8CC69}.Ad-Hoc|x64.ActiveCfg = Ad-Hoc|iPhone
		{14F9DDD4-EF47-48F5-86FF-22BFFAE8CC69}.Ad-Hoc|x86.ActiveCfg = Ad-Hoc|iPhone
		{14F9DDD4-EF47-48F5-86FF-22BFFAE8CC69}.AppStore|Any CPU.ActiveCfg = AppStore|iPhone
		{14F9DDD4-EF47-48F5-86FF-22BFFAE8CC69}.AppStore|ARM.ActiveCfg = AppStore|iPhone
		{14F9DDD4-EF47-48F5-86FF-22BFFAE8CC69}.AppStore|iPhone.ActiveCfg = AppStore|iPhone
		{14F9DDD4-EF47-48F5-86FF-22BFFAE8CC69}.AppStore|iPhone.Build.0 = AppStore|iPhone
		{14F9DDD4-EF47-48F5-86FF-22BFFAE8CC69}.AppStore|iPhoneSimulator.ActiveCfg = AppStore|iPhoneSimulator
		{14F9DDD4-EF47-48F5-86FF-22BFFAE8CC69}.AppStore|iPhoneSimulator.Build.0 = AppStore|iPhoneSimulator
		{14F9DDD4-EF47-48F5-86FF-22BFFAE8CC69}.AppStore|x64.ActiveCfg = AppStore|iPhone
		{14F9DDD4-EF47-48F5-86FF-22BFFAE8CC69}.AppStore|x86.ActiveCfg = AppStore|iPhone
		{14F9DDD4-EF47-48F5-86FF-22BFFAE8CC69}.Debug|Any CPU.ActiveCfg = Debug|iPhone
		{14F9DDD4-EF47-48F5-86FF-22BFFAE8CC69}.Debug|ARM.ActiveCfg = Debug|iPhone
		{14F9DDD4-EF47-48F5-86FF-22BFFAE8CC69}.Debug|iPhone.ActiveCfg = Debug|iPhone
		{14F9DDD4-EF47-48F5-86FF-22BFFAE8CC69}.Debug|iPhone.Build.0 = Debug|iPhone
		{14F9DDD4-EF47-48F5-86FF-22BFFAE8CC69}.Debug|iPhoneSimulator.ActiveCfg = Debug|iPhoneSimulator
		{14F9DDD4-EF47-48F5-86FF-22BFFAE8CC69}.Debug|iPhoneSimulator.Build.0 = Debug|iPhoneSimulator
		{14F9DDD4-EF47-48F5-86FF-22BFFAE8CC69}.Debug|x64.ActiveCfg = Debug|iPhone
		{14F9DDD4-EF47-48F5-86FF-22BFFAE8CC69}.Debug|x86.ActiveCfg = Debug|iPhone
		{14F9DDD4-EF47-48F5-86FF-22BFFAE8CC69}.Release|Any CPU.ActiveCfg = Release|iPhone
		{14F9DDD4-EF47-48F5-86FF-22BFFAE8CC69}.Release|ARM.ActiveCfg = Release|iPhone
		{14F9DDD4-EF47-48F5-86FF-22BFFAE8CC69}.Release|iPhone.ActiveCfg = Release|iPhone
		{14F9DDD4-EF47-48F5-86FF-22BFFAE8CC69}.Release|iPhone.Build.0 = Release|iPhone
		{14F9DDD4-EF47-48F5-86FF-22BFFAE8CC69}.Release|iPhoneSimulator.ActiveCfg = Release|iPhoneSimulator
		{14F9DDD4-EF47-48F5-86FF-22BFFAE8CC69}.Release|iPhoneSimulator.Build.0 = Release|iPhoneSimulator
		{14F9DDD4-EF47-48F5-86FF-22BFFAE8CC69}.Release|x64.ActiveCfg = Release|iPhone
		{14F9DDD4-EF47-48F5-86FF-22BFFAE8CC69}.Release|x86.ActiveCfg = Release|iPhone
		{1E236257-7CB0-4E28-90FC-792C4A5AB7F7}.Ad-Hoc|Any CPU.ActiveCfg = Release|x64
		{1E236257-7CB0-4E28-90FC-792C4A5AB7F7}.Ad-Hoc|Any CPU.Build.0 = Release|x64
		{1E236257-7CB0-4E28-90FC-792C4A5AB7F7}.Ad-Hoc|Any CPU.Deploy.0 = Release|x64
		{1E236257-7CB0-4E28-90FC-792C4A5AB7F7}.Ad-Hoc|ARM.ActiveCfg = Release|ARM
		{1E236257-7CB0-4E28-90FC-792C4A5AB7F7}.Ad-Hoc|ARM.Build.0 = Release|ARM
		{1E236257-7CB0-4E28-90FC-792C4A5AB7F7}.Ad-Hoc|ARM.Deploy.0 = Release|ARM
		{1E236257-7CB0-4E28-90FC-792C4A5AB7F7}.Ad-Hoc|iPhone.ActiveCfg = Release|x64
		{1E236257-7CB0-4E28-90FC-792C4A5AB7F7}.Ad-Hoc|iPhone.Build.0 = Release|x64
		{1E236257-7CB0-4E28-90FC-792C4A5AB7F7}.Ad-Hoc|iPhone.Deploy.0 = Release|x64
		{1E236257-7CB0-4E28-90FC-792C4A5AB7F7}.Ad-Hoc|iPhoneSimulator.ActiveCfg = Release|x64
		{1E236257-7CB0-4E28-90FC-792C4A5AB7F7}.Ad-Hoc|iPhoneSimulator.Build.0 = Release|x64
		{1E236257-7CB0-4E28-90FC-792C4A5AB7F7}.Ad-Hoc|iPhoneSimulator.Deploy.0 = Release|x64
		{1E236257-7CB0-4E28-90FC-792C4A5AB7F7}.Ad-Hoc|x64.ActiveCfg = Release|x64
		{1E236257-7CB0-4E28-90FC-792C4A5AB7F7}.Ad-Hoc|x64.Build.0 = Release|x64
		{1E236257-7CB0-4E28-90FC-792C4A5AB7F7}.Ad-Hoc|x64.Deploy.0 = Release|x64
		{1E236257-7CB0-4E28-90FC-792C4A5AB7F7}.Ad-Hoc|x86.ActiveCfg = Release|x86
		{1E236257-7CB0-4E28-90FC-792C4A5AB7F7}.Ad-Hoc|x86.Build.0 = Release|x86
		{1E236257-7CB0-4E28-90FC-792C4A5AB7F7}.Ad-Hoc|x86.Deploy.0 = Release|x86
		{1E236257-7CB0-4E28-90FC-792C4A5AB7F7}.AppStore|Any CPU.ActiveCfg = Release|x64
		{1E236257-7CB0-4E28-90FC-792C4A5AB7F7}.AppStore|Any CPU.Build.0 = Release|x64
		{1E236257-7CB0-4E28-90FC-792C4A5AB7F7}.AppStore|Any CPU.Deploy.0 = Release|x64
		{1E236257-7CB0-4E28-90FC-792C4A5AB7F7}.AppStore|ARM.ActiveCfg = Release|ARM
		{1E236257-7CB0-4E28-90FC-792C4A5AB7F7}.AppStore|ARM.Build.0 = Release|ARM
		{1E236257-7CB0-4E28-90FC-792C4A5AB7F7}.AppStore|ARM.Deploy.0 = Release|ARM
		{1E236257-7CB0-4E28-90FC-792C4A5AB7F7}.AppStore|iPhone.ActiveCfg = Release|x64
		{1E236257-7CB0-4E28-90FC-792C4A5AB7F7}.AppStore|iPhone.Build.0 = Release|x64
		{1E236257-7CB0-4E28-90FC-792C4A5AB7F7}.AppStore|iPhone.Deploy.0 = Release|x64
		{1E236257-7CB0-4E28-90FC-792C4A5AB7F7}.AppStore|iPhoneSimulator.ActiveCfg = Release|x64
		{1E236257-7CB0-4E28-90FC-792C4A5AB7F7}.AppStore|iPhoneSimulator.Build.0 = Release|x64
		{1E236257-7CB0-4E28-90FC-792C4A5AB7F7}.AppStore|iPhoneSimulator.Deploy.0 = Release|x64
		{1E236257-7CB0-4E28-90FC-792C4A5AB7F7}.AppStore|x64.ActiveCfg = Release|x64
		{1E236257-7CB0-4E28-90FC-792C4A5AB7F7}.AppStore|x64.Build.0 = Release|x64
		{1E236257-7CB0-4E28-90FC-792C4A5AB7F7}.AppStore|x64.Deploy.0 = Release|x64
		{1E236257-7CB0-4E28-90FC-792C4A5AB7F7}.AppStore|x86.ActiveCfg = Release|x86
		{1E236257-7CB0-4E28-90FC-792C4A5AB7F7}.AppStore|x86.Build.0 = Release|x86
		{1E236257-7CB0-4E28-90FC-792C4A5AB7F7}.AppStore|x86.Deploy.0 = Release|x86
		{1E236257-7CB0-4E28-90FC-792C4A5AB7F7}.Debug|Any CPU.ActiveCfg = Debug|x86
		{1E236257-7CB0-4E28-90FC-792C4A5AB7F7}.Debug|ARM.ActiveCfg = Debug|ARM
		{1E236257-7CB0-4E28-90FC-792C4A5AB7F7}.Debug|ARM.Build.0 = Debug|ARM
		{1E236257-7CB0-4E28-90FC-792C4A5AB7F7}.Debug|ARM.Deploy.0 = Debug|ARM
		{1E236257-7CB0-4E28-90FC-792C4A5AB7F7}.Debug|iPhone.ActiveCfg = Debug|x86
		{1E236257-7CB0-4E28-90FC-792C4A5AB7F7}.Debug|iPhoneSimulator.ActiveCfg = Debug|x86
		{1E236257-7CB0-4E28-90FC-792C4A5AB7F7}.Debug|x64.ActiveCfg = Debug|x64
		{1E236257-7CB0-4E28-90FC-792C4A5AB7F7}.Debug|x64.Build.0 = Debug|x64
		{1E236257-7CB0-4E28-90FC-792C4A5AB7F7}.Debug|x64.Deploy.0 = Debug|x64
		{1E236257-7CB0-4E28-90FC-792C4A5AB7F7}.Debug|x86.ActiveCfg = Debug|x86
		{1E236257-7CB0-4E28-90FC-792C4A5AB7F7}.Debug|x86.Build.0 = Debug|x86
		{1E236257-7CB0-4E28-90FC-792C4A5AB7F7}.Debug|x86.Deploy.0 = Debug|x86
		{1E236257-7CB0-4E28-90FC-792C4A5AB7F7}.Release|Any CPU.ActiveCfg = Release|x86
		{1E236257-7CB0-4E28-90FC-792C4A5AB7F7}.Release|ARM.ActiveCfg = Release|ARM
		{1E236257-7CB0-4E28-90FC-792C4A5AB7F7}.Release|ARM.Build.0 = Release|ARM
		{1E236257-7CB0-4E28-90FC-792C4A5AB7F7}.Release|ARM.Deploy.0 = Release|ARM
		{1E236257-7CB0-4E28-90FC-792C4A5AB7F7}.Release|iPhone.ActiveCfg = Release|x86
		{1E236257-7CB0-4E28-90FC-792C4A5AB7F7}.Release|iPhoneSimulator.ActiveCfg = Release|x86
		{1E236257-7CB0-4E28-90FC-792C4A5AB7F7}.Release|x64.ActiveCfg = Release|x64
		{1E236257-7CB0-4E28-90FC-792C4A5AB7F7}.Release|x64.Build.0 = Release|x64
		{1E236257-7CB0-4E28-90FC-792C4A5AB7F7}.Release|x64.Deploy.0 = Release|x64
		{1E236257-7CB0-4E28-90FC-792C4A5AB7F7}.Release|x86.ActiveCfg = Release|x86
		{1E236257-7CB0-4E28-90FC-792C4A5AB7F7}.Release|x86.Build.0 = Release|x86
		{1E236257-7CB0-4E28-90FC-792C4A5AB7F7}.Release|x86.Deploy.0 = Release|x86
		{D6A6637A-0393-42BF-ABED-21C41E6EBE27}.Ad-Hoc|Any CPU.ActiveCfg = Debug|Any CPU
		{D6A6637A-0393-42BF-ABED-21C41E6EBE27}.Ad-Hoc|Any CPU.Build.0 = Debug|Any CPU
		{D6A6637A-0393-42BF-ABED-21C41E6EBE27}.Ad-Hoc|ARM.ActiveCfg = Debug|Any CPU
		{D6A6637A-0393-42BF-ABED-21C41E6EBE27}.Ad-Hoc|ARM.Build.0 = Debug|Any CPU
		{D6A6637A-0393-42BF-ABED-21C41E6EBE27}.Ad-Hoc|iPhone.ActiveCfg = Debug|Any CPU
		{D6A6637A-0393-42BF-ABED-21C41E6EBE27}.Ad-Hoc|iPhone.Build.0 = Debug|Any CPU
		{D6A6637A-0393-42BF-ABED-21C41E6EBE27}.Ad-Hoc|iPhoneSimulator.ActiveCfg = Debug|Any CPU
		{D6A6637A-0393-42BF-ABED-21C41E6EBE27}.Ad-Hoc|iPhoneSimulator.Build.0 = Debug|Any CPU
		{D6A6637A-0393-42BF-ABED-21C41E6EBE27}.Ad-Hoc|x64.ActiveCfg = Debug|Any CPU
		{D6A6637A-0393-42BF-ABED-21C41E6EBE27}.Ad-Hoc|x64.Build.0 = Debug|Any CPU
		{D6A6637A-0393-42BF-ABED-21C41E6EBE27}.Ad-Hoc|x86.ActiveCfg = Debug|Any CPU
		{D6A6637A-0393-42BF-ABED-21C41E6EBE27}.Ad-Hoc|x86.Build.0 = Debug|Any CPU
		{D6A6637A-0393-42BF-ABED-21C41E6EBE27}.AppStore|Any CPU.ActiveCfg = Debug|Any CPU
		{D6A6637A-0393-42BF-ABED-21C41E6EBE27}.AppStore|Any CPU.Build.0 = Debug|Any CPU
		{D6A6637A-0393-42BF-ABED-21C41E6EBE27}.AppStore|ARM.ActiveCfg = Debug|Any CPU
		{D6A6637A-0393-42BF-ABED-21C41E6EBE27}.AppStore|ARM.Build.0 = Debug|Any CPU
		{D6A6637A-0393-42BF-ABED-21C41E6EBE27}.AppStore|iPhone.ActiveCfg = Debug|Any CPU
		{D6A6637A-0393-42BF-ABED-21C41E6EBE27}.AppStore|iPhone.Build.0 = Debug|Any CPU
		{D6A6637A-0393-42BF-ABED-21C41E6EBE27}.AppStore|iPhoneSimulator.ActiveCfg = Debug|Any CPU
		{D6A6637A-0393-42BF-ABED-21C41E6EBE27}.AppStore|iPhoneSimulator.Build.0 = Debug|Any CPU
		{D6A6637A-0393-42BF-ABED-21C41E6EBE27}.AppStore|x64.ActiveCfg = Debug|Any CPU
		{D6A6637A-0393-42BF-ABED-21C41E6EBE27}.AppStore|x64.Build.0 = Debug|Any CPU
		{D6A6637A-0393-42BF-ABED-21C41E6EBE27}.AppStore|x86.ActiveCfg = Debug|Any CPU
		{D6A6637A-0393-42BF-ABED-21C41E6EBE27}.AppStore|x86.Build.0 = Debug|Any CPU
		{D6A6637A-0393-42BF-ABED-21C41E6EBE27}.Debug|Any CPU.ActiveCfg = Debug|Any CPU
		{D6A6637A-0393-42BF-ABED-21C41E6EBE27}.Debug|Any CPU.Build.0 = Debug|Any CPU
		{D6A6637A-0393-42BF-ABED-21C41E6EBE27}.Debug|ARM.ActiveCfg = Debug|Any CPU
		{D6A6637A-0393-42BF-ABED-21C41E6EBE27}.Debug|ARM.Build.0 = Debug|Any CPU
		{D6A6637A-0393-42BF-ABED-21C41E6EBE27}.Debug|iPhone.ActiveCfg = Debug|Any CPU
		{D6A6637A-0393-42BF-ABED-21C41E6EBE27}.Debug|iPhone.Build.0 = Debug|Any CPU
		{D6A6637A-0393-42BF-ABED-21C41E6EBE27}.Debug|iPhoneSimulator.ActiveCfg = Debug|Any CPU
		{D6A6637A-0393-42BF-ABED-21C41E6EBE27}.Debug|iPhoneSimulator.Build.0 = Debug|Any CPU
		{D6A6637A-0393-42BF-ABED-21C41E6EBE27}.Debug|x64.ActiveCfg = Debug|Any CPU
		{D6A6637A-0393-42BF-ABED-21C41E6EBE27}.Debug|x64.Build.0 = Debug|Any CPU
		{D6A6637A-0393-42BF-ABED-21C41E6EBE27}.Debug|x86.ActiveCfg = Debug|Any CPU
		{D6A6637A-0393-42BF-ABED-21C41E6EBE27}.Debug|x86.Build.0 = Debug|Any CPU
		{D6A6637A-0393-42BF-ABED-21C41E6EBE27}.Release|Any CPU.ActiveCfg = Release|Any CPU
		{D6A6637A-0393-42BF-ABED-21C41E6EBE27}.Release|Any CPU.Build.0 = Release|Any CPU
		{D6A6637A-0393-42BF-ABED-21C41E6EBE27}.Release|ARM.ActiveCfg = Release|Any CPU
		{D6A6637A-0393-42BF-ABED-21C41E6EBE27}.Release|ARM.Build.0 = Release|Any CPU
		{D6A6637A-0393-42BF-ABED-21C41E6EBE27}.Release|iPhone.ActiveCfg = Release|Any CPU
		{D6A6637A-0393-42BF-ABED-21C41E6EBE27}.Release|iPhone.Build.0 = Release|Any CPU
		{D6A6637A-0393-42BF-ABED-21C41E6EBE27}.Release|iPhoneSimulator.ActiveCfg = Release|Any CPU
		{D6A6637A-0393-42BF-ABED-21C41E6EBE27}.Release|iPhoneSimulator.Build.0 = Release|Any CPU
		{D6A6637A-0393-42BF-ABED-21C41E6EBE27}.Release|x64.ActiveCfg = Release|Any CPU
		{D6A6637A-0393-42BF-ABED-21C41E6EBE27}.Release|x64.Build.0 = Release|Any CPU
		{D6A6637A-0393-42BF-ABED-21C41E6EBE27}.Release|x86.ActiveCfg = Release|Any CPU
		{D6A6637A-0393-42BF-ABED-21C41E6EBE27}.Release|x86.Build.0 = Release|Any CPU
		{4B7C65D7-2F7A-4E2B-BC0D-4913AB22A347}.Ad-Hoc|Any CPU.ActiveCfg = Debug|Any CPU
		{4B7C65D7-2F7A-4E2B-BC0D-4913AB22A347}.Ad-Hoc|Any CPU.Build.0 = Debug|Any CPU
		{4B7C65D7-2F7A-4E2B-BC0D-4913AB22A347}.Ad-Hoc|ARM.ActiveCfg = Debug|Any CPU
		{4B7C65D7-2F7A-4E2B-BC0D-4913AB22A347}.Ad-Hoc|ARM.Build.0 = Debug|Any CPU
		{4B7C65D7-2F7A-4E2B-BC0D-4913AB22A347}.Ad-Hoc|iPhone.ActiveCfg = Debug|Any CPU
		{4B7C65D7-2F7A-4E2B-BC0D-4913AB22A347}.Ad-Hoc|iPhone.Build.0 = Debug|Any CPU
		{4B7C65D7-2F7A-4E2B-BC0D-4913AB22A347}.Ad-Hoc|iPhoneSimulator.ActiveCfg = Debug|Any CPU
		{4B7C65D7-2F7A-4E2B-BC0D-4913AB22A347}.Ad-Hoc|iPhoneSimulator.Build.0 = Debug|Any CPU
		{4B7C65D7-2F7A-4E2B-BC0D-4913AB22A347}.Ad-Hoc|x64.ActiveCfg = Debug|Any CPU
		{4B7C65D7-2F7A-4E2B-BC0D-4913AB22A347}.Ad-Hoc|x64.Build.0 = Debug|Any CPU
		{4B7C65D7-2F7A-4E2B-BC0D-4913AB22A347}.Ad-Hoc|x86.ActiveCfg = Debug|Any CPU
		{4B7C65D7-2F7A-4E2B-BC0D-4913AB22A347}.Ad-Hoc|x86.Build.0 = Debug|Any CPU
		{4B7C65D7-2F7A-4E2B-BC0D-4913AB22A347}.AppStore|Any CPU.ActiveCfg = Debug|Any CPU
		{4B7C65D7-2F7A-4E2B-BC0D-4913AB22A347}.AppStore|Any CPU.Build.0 = Debug|Any CPU
		{4B7C65D7-2F7A-4E2B-BC0D-4913AB22A347}.AppStore|ARM.ActiveCfg = Debug|Any CPU
		{4B7C65D7-2F7A-4E2B-BC0D-4913AB22A347}.AppStore|ARM.Build.0 = Debug|Any CPU
		{4B7C65D7-2F7A-4E2B-BC0D-4913AB22A347}.AppStore|iPhone.ActiveCfg = Debug|Any CPU
		{4B7C65D7-2F7A-4E2B-BC0D-4913AB22A347}.AppStore|iPhone.Build.0 = Debug|Any CPU
		{4B7C65D7-2F7A-4E2B-BC0D-4913AB22A347}.AppStore|iPhoneSimulator.ActiveCfg = Debug|Any CPU
		{4B7C65D7-2F7A-4E2B-BC0D-4913AB22A347}.AppStore|iPhoneSimulator.Build.0 = Debug|Any CPU
		{4B7C65D7-2F7A-4E2B-BC0D-4913AB22A347}.AppStore|x64.ActiveCfg = Debug|Any CPU
		{4B7C65D7-2F7A-4E2B-BC0D-4913AB22A347}.AppStore|x64.Build.0 = Debug|Any CPU
		{4B7C65D7-2F7A-4E2B-BC0D-4913AB22A347}.AppStore|x86.ActiveCfg = Debug|Any CPU
		{4B7C65D7-2F7A-4E2B-BC0D-4913AB22A347}.AppStore|x86.Build.0 = Debug|Any CPU
		{4B7C65D7-2F7A-4E2B-BC0D-4913AB22A347}.Debug|Any CPU.ActiveCfg = Debug|Any CPU
		{4B7C65D7-2F7A-4E2B-BC0D-4913AB22A347}.Debug|Any CPU.Build.0 = Debug|Any CPU
		{4B7C65D7-2F7A-4E2B-BC0D-4913AB22A347}.Debug|ARM.ActiveCfg = Debug|Any CPU
		{4B7C65D7-2F7A-4E2B-BC0D-4913AB22A347}.Debug|ARM.Build.0 = Debug|Any CPU
		{4B7C65D7-2F7A-4E2B-BC0D-4913AB22A347}.Debug|iPhone.ActiveCfg = Debug|Any CPU
		{4B7C65D7-2F7A-4E2B-BC0D-4913AB22A347}.Debug|iPhone.Build.0 = Debug|Any CPU
		{4B7C65D7-2F7A-4E2B-BC0D-4913AB22A347}.Debug|iPhoneSimulator.ActiveCfg = Debug|Any CPU
		{4B7C65D7-2F7A-4E2B-BC0D-4913AB22A347}.Debug|iPhoneSimulator.Build.0 = Debug|Any CPU
		{4B7C65D7-2F7A-4E2B-BC0D-4913AB22A347}.Debug|x64.ActiveCfg = Debug|Any CPU
		{4B7C65D7-2F7A-4E2B-BC0D-4913AB22A347}.Debug|x64.Build.0 = Debug|Any CPU
		{4B7C65D7-2F7A-4E2B-BC0D-4913AB22A347}.Debug|x86.ActiveCfg = Debug|Any CPU
		{4B7C65D7-2F7A-4E2B-BC0D-4913AB22A347}.Debug|x86.Build.0 = Debug|Any CPU
		{4B7C65D7-2F7A-4E2B-BC0D-4913AB22A347}.Release|Any CPU.ActiveCfg = Release|Any CPU
		{4B7C65D7-2F7A-4E2B-BC0D-4913AB22A347}.Release|Any CPU.Build.0 = Release|Any CPU
		{4B7C65D7-2F7A-4E2B-BC0D-4913AB22A347}.Release|ARM.ActiveCfg = Release|Any CPU
		{4B7C65D7-2F7A-4E2B-BC0D-4913AB22A347}.Release|ARM.Build.0 = Release|Any CPU
		{4B7C65D7-2F7A-4E2B-BC0D-4913AB22A347}.Release|iPhone.ActiveCfg = Release|Any CPU
		{4B7C65D7-2F7A-4E2B-BC0D-4913AB22A347}.Release|iPhone.Build.0 = Release|Any CPU
		{4B7C65D7-2F7A-4E2B-BC0D-4913AB22A347}.Release|iPhoneSimulator.ActiveCfg = Release|Any CPU
		{4B7C65D7-2F7A-4E2B-BC0D-4913AB22A347}.Release|iPhoneSimulator.Build.0 = Release|Any CPU
		{4B7C65D7-2F7A-4E2B-BC0D-4913AB22A347}.Release|x64.ActiveCfg = Release|Any CPU
		{4B7C65D7-2F7A-4E2B-BC0D-4913AB22A347}.Release|x64.Build.0 = Release|Any CPU
		{4B7C65D7-2F7A-4E2B-BC0D-4913AB22A347}.Release|x86.ActiveCfg = Release|Any CPU
		{4B7C65D7-2F7A-4E2B-BC0D-4913AB22A347}.Release|x86.Build.0 = Release|Any CPU
		{713EE933-C26D-4FF7-9920-6543CAF17B6D}.Ad-Hoc|Any CPU.ActiveCfg = Debug|Any CPU
		{713EE933-C26D-4FF7-9920-6543CAF17B6D}.Ad-Hoc|Any CPU.Build.0 = Debug|Any CPU
		{713EE933-C26D-4FF7-9920-6543CAF17B6D}.Ad-Hoc|ARM.ActiveCfg = Debug|Any CPU
		{713EE933-C26D-4FF7-9920-6543CAF17B6D}.Ad-Hoc|ARM.Build.0 = Debug|Any CPU
		{713EE933-C26D-4FF7-9920-6543CAF17B6D}.Ad-Hoc|iPhone.ActiveCfg = Debug|Any CPU
		{713EE933-C26D-4FF7-9920-6543CAF17B6D}.Ad-Hoc|iPhone.Build.0 = Debug|Any CPU
		{713EE933-C26D-4FF7-9920-6543CAF17B6D}.Ad-Hoc|iPhoneSimulator.ActiveCfg = Debug|Any CPU
		{713EE933-C26D-4FF7-9920-6543CAF17B6D}.Ad-Hoc|iPhoneSimulator.Build.0 = Debug|Any CPU
		{713EE933-C26D-4FF7-9920-6543CAF17B6D}.Ad-Hoc|x64.ActiveCfg = Debug|Any CPU
		{713EE933-C26D-4FF7-9920-6543CAF17B6D}.Ad-Hoc|x64.Build.0 = Debug|Any CPU
		{713EE933-C26D-4FF7-9920-6543CAF17B6D}.Ad-Hoc|x86.ActiveCfg = Debug|Any CPU
		{713EE933-C26D-4FF7-9920-6543CAF17B6D}.Ad-Hoc|x86.Build.0 = Debug|Any CPU
		{713EE933-C26D-4FF7-9920-6543CAF17B6D}.AppStore|Any CPU.ActiveCfg = Debug|Any CPU
		{713EE933-C26D-4FF7-9920-6543CAF17B6D}.AppStore|Any CPU.Build.0 = Debug|Any CPU
		{713EE933-C26D-4FF7-9920-6543CAF17B6D}.AppStore|ARM.ActiveCfg = Debug|Any CPU
		{713EE933-C26D-4FF7-9920-6543CAF17B6D}.AppStore|ARM.Build.0 = Debug|Any CPU
		{713EE933-C26D-4FF7-9920-6543CAF17B6D}.AppStore|iPhone.ActiveCfg = Debug|Any CPU
		{713EE933-C26D-4FF7-9920-6543CAF17B6D}.AppStore|iPhone.Build.0 = Debug|Any CPU
		{713EE933-C26D-4FF7-9920-6543CAF17B6D}.AppStore|iPhoneSimulator.ActiveCfg = Debug|Any CPU
		{713EE933-C26D-4FF7-9920-6543CAF17B6D}.AppStore|iPhoneSimulator.Build.0 = Debug|Any CPU
		{713EE933-C26D-4FF7-9920-6543CAF17B6D}.AppStore|x64.ActiveCfg = Debug|Any CPU
		{713EE933-C26D-4FF7-9920-6543CAF17B6D}.AppStore|x64.Build.0 = Debug|Any CPU
		{713EE933-C26D-4FF7-9920-6543CAF17B6D}.AppStore|x86.ActiveCfg = Debug|Any CPU
		{713EE933-C26D-4FF7-9920-6543CAF17B6D}.AppStore|x86.Build.0 = Debug|Any CPU
		{713EE933-C26D-4FF7-9920-6543CAF17B6D}.Debug|Any CPU.ActiveCfg = Debug|Any CPU
		{713EE933-C26D-4FF7-9920-6543CAF17B6D}.Debug|Any CPU.Build.0 = Debug|Any CPU
		{713EE933-C26D-4FF7-9920-6543CAF17B6D}.Debug|ARM.ActiveCfg = Debug|Any CPU
		{713EE933-C26D-4FF7-9920-6543CAF17B6D}.Debug|ARM.Build.0 = Debug|Any CPU
		{713EE933-C26D-4FF7-9920-6543CAF17B6D}.Debug|iPhone.ActiveCfg = Debug|Any CPU
		{713EE933-C26D-4FF7-9920-6543CAF17B6D}.Debug|iPhone.Build.0 = Debug|Any CPU
		{713EE933-C26D-4FF7-9920-6543CAF17B6D}.Debug|iPhoneSimulator.ActiveCfg = Debug|Any CPU
		{713EE933-C26D-4FF7-9920-6543CAF17B6D}.Debug|iPhoneSimulator.Build.0 = Debug|Any CPU
		{713EE933-C26D-4FF7-9920-6543CAF17B6D}.Debug|x64.ActiveCfg = Debug|Any CPU
		{713EE933-C26D-4FF7-9920-6543CAF17B6D}.Debug|x64.Build.0 = Debug|Any CPU
		{713EE933-C26D-4FF7-9920-6543CAF17B6D}.Debug|x86.ActiveCfg = Debug|Any CPU
		{713EE933-C26D-4FF7-9920-6543CAF17B6D}.Debug|x86.Build.0 = Debug|Any CPU
		{713EE933-C26D-4FF7-9920-6543CAF17B6D}.Release|Any CPU.ActiveCfg = Release|Any CPU
		{713EE933-C26D-4FF7-9920-6543CAF17B6D}.Release|Any CPU.Build.0 = Release|Any CPU
		{713EE933-C26D-4FF7-9920-6543CAF17B6D}.Release|ARM.ActiveCfg = Release|Any CPU
		{713EE933-C26D-4FF7-9920-6543CAF17B6D}.Release|ARM.Build.0 = Release|Any CPU
		{713EE933-C26D-4FF7-9920-6543CAF17B6D}.Release|iPhone.ActiveCfg = Release|Any CPU
		{713EE933-C26D-4FF7-9920-6543CAF17B6D}.Release|iPhone.Build.0 = Release|Any CPU
		{713EE933-C26D-4FF7-9920-6543CAF17B6D}.Release|iPhoneSimulator.ActiveCfg = Release|Any CPU
		{713EE933-C26D-4FF7-9920-6543CAF17B6D}.Release|iPhoneSimulator.Build.0 = Release|Any CPU
		{713EE933-C26D-4FF7-9920-6543CAF17B6D}.Release|x64.ActiveCfg = Release|Any CPU
		{713EE933-C26D-4FF7-9920-6543CAF17B6D}.Release|x64.Build.0 = Release|Any CPU
		{713EE933-C26D-4FF7-9920-6543CAF17B6D}.Release|x86.ActiveCfg = Release|Any CPU
		{713EE933-C26D-4FF7-9920-6543CAF17B6D}.Release|x86.Build.0 = Release|Any CPU
	EndGlobalSection
	GlobalSection(SolutionProperties) = preSolution
		HideSolutionNode = FALSE
	EndGlobalSection
	GlobalSection(ExtensibilityGlobals) = postSolution
		SolutionGuid = {6FF6FCEC-A70C-456A-A59E-E16FFAC18EFC}
	EndGlobalSection
EndGlobal
